// !$*UTF8*$!
{
	archiveVersion = 1;
	classes = {
	};
	objectVersion = 46;
	objects = {

/* Begin PBXBuildFile section */
		98145F651DBC3C730040579B /* AppDelegate.swift in Sources */ = {isa = PBXBuildFile; fileRef = 98145F641DBC3C730040579B /* AppDelegate.swift */; };
		98145F671DBC3C730040579B /* MapViewController.swift in Sources */ = {isa = PBXBuildFile; fileRef = 98145F661DBC3C730040579B /* MapViewController.swift */; };
		98145F6A1DBC3C730040579B /* Main.storyboard in Resources */ = {isa = PBXBuildFile; fileRef = 98145F681DBC3C730040579B /* Main.storyboard */; };
		98145F6D1DBC3C730040579B /* Virtual_Tourist.xcdatamodeld in Sources */ = {isa = PBXBuildFile; fileRef = 98145F6B1DBC3C730040579B /* Virtual_Tourist.xcdatamodeld */; };
		98145F6F1DBC3C730040579B /* Assets.xcassets in Resources */ = {isa = PBXBuildFile; fileRef = 98145F6E1DBC3C730040579B /* Assets.xcassets */; };
		98145F721DBC3C730040579B /* LaunchScreen.storyboard in Resources */ = {isa = PBXBuildFile; fileRef = 98145F701DBC3C730040579B /* LaunchScreen.storyboard */; };
		98145F7A1DBC41C40040579B /* PhotoViewController.swift in Sources */ = {isa = PBXBuildFile; fileRef = 98145F791DBC41C40040579B /* PhotoViewController.swift */; };
		981889671DC16D67007D6835 /* MapKit.framework in Frameworks */ = {isa = PBXBuildFile; fileRef = 981889661DC16D66007D6835 /* MapKit.framework */; };
		9894622F1DC5938600014CFE /* Pin+CoreDataClass.swift in Sources */ = {isa = PBXBuildFile; fileRef = 9894622D1DC5938600014CFE /* Pin+CoreDataClass.swift */; };
		989462301DC5938600014CFE /* Pin+CoreDataProperties.swift in Sources */ = {isa = PBXBuildFile; fileRef = 9894622E1DC5938600014CFE /* Pin+CoreDataProperties.swift */; };
		98A771BA1DC3B5E8006EFCEB /* FlickrClient.swift in Sources */ = {isa = PBXBuildFile; fileRef = 98A771B91DC3B5E8006EFCEB /* FlickrClient.swift */; };
		98A771BC1DC3BCEE006EFCEB /* FlickrConstants.swift in Sources */ = {isa = PBXBuildFile; fileRef = 98A771BB1DC3BCEE006EFCEB /* FlickrConstants.swift */; };
		98CF95431DC79D6B0050B990 /* RandomImage.swift in Sources */ = {isa = PBXBuildFile; fileRef = 98CF95421DC79D6B0050B990 /* RandomImage.swift */; };
/* End PBXBuildFile section */

/* Begin PBXFileReference section */
		98145F611DBC3C730040579B /* Virtual-Tourist.app */ = {isa = PBXFileReference; explicitFileType = wrapper.application; includeInIndex = 0; path = "Virtual-Tourist.app"; sourceTree = BUILT_PRODUCTS_DIR; };
		98145F641DBC3C730040579B /* AppDelegate.swift */ = {isa = PBXFileReference; lastKnownFileType = sourcecode.swift; path = AppDelegate.swift; sourceTree = "<group>"; };
		98145F661DBC3C730040579B /* MapViewController.swift */ = {isa = PBXFileReference; lastKnownFileType = sourcecode.swift; path = MapViewController.swift; sourceTree = "<group>"; };
		98145F691DBC3C730040579B /* Base */ = {isa = PBXFileReference; lastKnownFileType = file.storyboard; name = Base; path = Base.lproj/Main.storyboard; sourceTree = "<group>"; };
		98145F6C1DBC3C730040579B /* Virtual_Tourist.xcdatamodel */ = {isa = PBXFileReference; lastKnownFileType = wrapper.xcdatamodel; path = Virtual_Tourist.xcdatamodel; sourceTree = "<group>"; };
		98145F6E1DBC3C730040579B /* Assets.xcassets */ = {isa = PBXFileReference; lastKnownFileType = folder.assetcatalog; path = Assets.xcassets; sourceTree = "<group>"; };
		98145F711DBC3C730040579B /* Base */ = {isa = PBXFileReference; lastKnownFileType = file.storyboard; name = Base; path = Base.lproj/LaunchScreen.storyboard; sourceTree = "<group>"; };
		98145F731DBC3C730040579B /* Info.plist */ = {isa = PBXFileReference; lastKnownFileType = text.plist.xml; path = Info.plist; sourceTree = "<group>"; };
		98145F791DBC41C40040579B /* PhotoViewController.swift */ = {isa = PBXFileReference; fileEncoding = 4; lastKnownFileType = sourcecode.swift; path = PhotoViewController.swift; sourceTree = "<group>"; };
		981889661DC16D66007D6835 /* MapKit.framework */ = {isa = PBXFileReference; lastKnownFileType = wrapper.framework; name = MapKit.framework; path = System/Library/Frameworks/MapKit.framework; sourceTree = SDKROOT; };
		9894622D1DC5938600014CFE /* Pin+CoreDataClass.swift */ = {isa = PBXFileReference; fileEncoding = 4; lastKnownFileType = sourcecode.swift; path = "Pin+CoreDataClass.swift"; sourceTree = "<group>"; };
		9894622E1DC5938600014CFE /* Pin+CoreDataProperties.swift */ = {isa = PBXFileReference; fileEncoding = 4; lastKnownFileType = sourcecode.swift; path = "Pin+CoreDataProperties.swift"; sourceTree = "<group>"; };
		98A771B91DC3B5E8006EFCEB /* FlickrClient.swift */ = {isa = PBXFileReference; fileEncoding = 4; lastKnownFileType = sourcecode.swift; path = FlickrClient.swift; sourceTree = "<group>"; };
		98A771BB1DC3BCEE006EFCEB /* FlickrConstants.swift */ = {isa = PBXFileReference; fileEncoding = 4; lastKnownFileType = sourcecode.swift; path = FlickrConstants.swift; sourceTree = "<group>"; };
		98CF95421DC79D6B0050B990 /* RandomImage.swift */ = {isa = PBXFileReference; fileEncoding = 4; lastKnownFileType = sourcecode.swift; path = RandomImage.swift; sourceTree = "<group>"; };
/* End PBXFileReference section */

/* Begin PBXFrameworksBuildPhase section */
		98145F5E1DBC3C730040579B /* Frameworks */ = {
			isa = PBXFrameworksBuildPhase;
			buildActionMask = 2147483647;
			files = (
				981889671DC16D67007D6835 /* MapKit.framework in Frameworks */,
			);
			runOnlyForDeploymentPostprocessing = 0;
		};
/* End PBXFrameworksBuildPhase section */

/* Begin PBXGroup section */
		98145F581DBC3C730040579B = {
			isa = PBXGroup;
			children = (
				9894622D1DC5938600014CFE /* Pin+CoreDataClass.swift */,
				9894622E1DC5938600014CFE /* Pin+CoreDataProperties.swift */,
				98145F631DBC3C730040579B /* Virtual-Tourist */,
				98145F621DBC3C730040579B /* Products */,
				981889651DC16D66007D6835 /* Frameworks */,
			);
			sourceTree = "<group>";
		};
		98145F621DBC3C730040579B /* Products */ = {
			isa = PBXGroup;
			children = (
				98145F611DBC3C730040579B /* Virtual-Tourist.app */,
			);
			name = Products;
			sourceTree = "<group>";
		};
		98145F631DBC3C730040579B /* Virtual-Tourist */ = {
			isa = PBXGroup;
			children = (
				9814C4351DC535B000C9B8F8 /* Model */,
				9814C4371DC535FB00C9B8F8 /* View */,
				9814C4361DC535DF00C9B8F8 /* Controller */,
				9814C4381DC5362800C9B8F8 /* Supporting Files */,
			);
			path = "Virtual-Tourist";
			sourceTree = "<group>";
		};
		9814C4351DC535B000C9B8F8 /* Model */ = {
			isa = PBXGroup;
			children = (
				98145F641DBC3C730040579B /* AppDelegate.swift */,
				98A771B91DC3B5E8006EFCEB /* FlickrClient.swift */,
				98A771BB1DC3BCEE006EFCEB /* FlickrConstants.swift */,
				98CF95421DC79D6B0050B990 /* RandomImage.swift */,
				98145F6B1DBC3C730040579B /* Virtual_Tourist.xcdatamodeld */,
			);
			name = Model;
			sourceTree = "<group>";
		};
		9814C4361DC535DF00C9B8F8 /* Controller */ = {
			isa = PBXGroup;
			children = (
				98145F661DBC3C730040579B /* MapViewController.swift */,
				98145F791DBC41C40040579B /* PhotoViewController.swift */,
			);
			name = Controller;
			sourceTree = "<group>";
		};
		9814C4371DC535FB00C9B8F8 /* View */ = {
			isa = PBXGroup;
			children = (
				98145F681DBC3C730040579B /* Main.storyboard */,
				98145F701DBC3C730040579B /* LaunchScreen.storyboard */,
			);
			name = View;
			path = ..;
			sourceTree = "<group>";
		};
		9814C4381DC5362800C9B8F8 /* Supporting Files */ = {
			isa = PBXGroup;
			children = (
				98145F6E1DBC3C730040579B /* Assets.xcassets */,
				98145F731DBC3C730040579B /* Info.plist */,
			);
			name = "Supporting Files";
			sourceTree = "<group>";
		};
		981889651DC16D66007D6835 /* Frameworks */ = {
			isa = PBXGroup;
			children = (
				981889661DC16D66007D6835 /* MapKit.framework */,
			);
			name = Frameworks;
			sourceTree = "<group>";
		};
/* End PBXGroup section */

/* Begin PBXNativeTarget section */
		98145F601DBC3C730040579B /* Virtual-Tourist */ = {
			isa = PBXNativeTarget;
			buildConfigurationList = 98145F761DBC3C730040579B /* Build configuration list for PBXNativeTarget "Virtual-Tourist" */;
			buildPhases = (
				98145F5D1DBC3C730040579B /* Sources */,
				98145F5E1DBC3C730040579B /* Frameworks */,
				98145F5F1DBC3C730040579B /* Resources */,
			);
			buildRules = (
			);
			dependencies = (
			);
			name = "Virtual-Tourist";
			productName = "Virtual-Tourist";
			productReference = 98145F611DBC3C730040579B /* Virtual-Tourist.app */;
			productType = "com.apple.product-type.application";
		};
/* End PBXNativeTarget section */

/* Begin PBXProject section */
		98145F591DBC3C730040579B /* Project object */ = {
			isa = PBXProject;
			attributes = {
				LastSwiftUpdateCheck = 0800;
				LastUpgradeCheck = 0810;
				ORGANIZATIONNAME = "Jack Ngai";
				TargetAttributes = {
					98145F601DBC3C730040579B = {
						CreatedOnToolsVersion = 8.0;
						DevelopmentTeam = 56SGSJ5YCY;
						ProvisioningStyle = Automatic;
						SystemCapabilities = {
							com.apple.Maps.iOS = {
								enabled = 1;
							};
						};
					};
				};
			};
			buildConfigurationList = 98145F5C1DBC3C730040579B /* Build configuration list for PBXProject "Virtual-Tourist" */;
			compatibilityVersion = "Xcode 3.2";
			developmentRegion = English;
			hasScannedForEncodings = 0;
			knownRegions = (
				en,
				Base,
			);
			mainGroup = 98145F581DBC3C730040579B;
			productRefGroup = 98145F621DBC3C730040579B /* Products */;
			projectDirPath = "";
			projectRoot = "";
			targets = (
				98145F601DBC3C730040579B /* Virtual-Tourist */,
			);
		};
/* End PBXProject section */

/* Begin PBXResourcesBuildPhase section */
		98145F5F1DBC3C730040579B /* Resources */ = {
			isa = PBXResourcesBuildPhase;
			buildActionMask = 2147483647;
			files = (
				98145F721DBC3C730040579B /* LaunchScreen.storyboard in Resources */,
				98145F6F1DBC3C730040579B /* Assets.xcassets in Resources */,
				98145F6A1DBC3C730040579B /* Main.storyboard in Resources */,
			);
			runOnlyForDeploymentPostprocessing = 0;
		};
/* End PBXResourcesBuildPhase section */

/* Begin PBXSourcesBuildPhase section */
		98145F5D1DBC3C730040579B /* Sources */ = {
			isa = PBXSourcesBuildPhase;
			buildActionMask = 2147483647;
			files = (
				98A771BC1DC3BCEE006EFCEB /* FlickrConstants.swift in Sources */,
				98CF95431DC79D6B0050B990 /* RandomImage.swift in Sources */,
				989462301DC5938600014CFE /* Pin+CoreDataProperties.swift in Sources */,
				98145F671DBC3C730040579B /* MapViewController.swift in Sources */,
				9894622F1DC5938600014CFE /* Pin+CoreDataClass.swift in Sources */,
				98A771BA1DC3B5E8006EFCEB /* FlickrClient.swift in Sources */,
				98145F7A1DBC41C40040579B /* PhotoViewController.swift in Sources */,
				98145F6D1DBC3C730040579B /* Virtual_Tourist.xcdatamodeld in Sources */,
				98145F651DBC3C730040579B /* AppDelegate.swift in Sources */,
			);
			runOnlyForDeploymentPostprocessing = 0;
		};
/* End PBXSourcesBuildPhase section */

/* Begin PBXVariantGroup section */
		98145F681DBC3C730040579B /* Main.storyboard */ = {
			isa = PBXVariantGroup;
			children = (
				98145F691DBC3C730040579B /* Base */,
			);
			name = Main.storyboard;
			path = "Virtual-Tourist";
			sourceTree = "<group>";
		};
		98145F701DBC3C730040579B /* LaunchScreen.storyboard */ = {
			isa = PBXVariantGroup;
			children = (
				98145F711DBC3C730040579B /* Base */,
			);
			name = LaunchScreen.storyboard;
			path = "Virtual-Tourist";
			sourceTree = "<group>";
		};
/* End PBXVariantGroup section */

/* Begin XCBuildConfiguration section */
		98145F741DBC3C730040579B /* Debug */ = {
			isa = XCBuildConfiguration;
			buildSettings = {
				ALWAYS_SEARCH_USER_PATHS = NO;
				CLANG_ANALYZER_NONNULL = YES;
				CLANG_CXX_LANGUAGE_STANDARD = "gnu++0x";
				CLANG_CXX_LIBRARY = "libc++";
				CLANG_ENABLE_MODULES = YES;
				CLANG_ENABLE_OBJC_ARC = YES;
				CLANG_WARN_BOOL_CONVERSION = YES;
				CLANG_WARN_CONSTANT_CONVERSION = YES;
				CLANG_WARN_DIRECT_OBJC_ISA_USAGE = YES_ERROR;
				CLANG_WARN_DOCUMENTATION_COMMENTS = YES;
				CLANG_WARN_EMPTY_BODY = YES;
				CLANG_WARN_ENUM_CONVERSION = YES;
				CLANG_WARN_INFINITE_RECURSION = YES;
				CLANG_WARN_INT_CONVERSION = YES;
				CLANG_WARN_OBJC_ROOT_CLASS = YES_ERROR;
				CLANG_WARN_SUSPICIOUS_MOVE = YES;
				CLANG_WARN_SUSPICIOUS_MOVES = YES;
				CLANG_WARN_UNREACHABLE_CODE = YES;
				CLANG_WARN__DUPLICATE_METHOD_MATCH = YES;
				"CODE_SIGN_IDENTITY[sdk=iphoneos*]" = "iPhone Developer";
				COPY_PHASE_STRIP = NO;
				DEBUG_INFORMATION_FORMAT = dwarf;
				ENABLE_STRICT_OBJC_MSGSEND = YES;
				ENABLE_TESTABILITY = YES;
				GCC_C_LANGUAGE_STANDARD = gnu99;
				GCC_DYNAMIC_NO_PIC = NO;
				GCC_NO_COMMON_BLOCKS = YES;
				GCC_OPTIMIZATION_LEVEL = 0;
				GCC_PREPROCESSOR_DEFINITIONS = (
					"DEBUG=1",
					"$(inherited)",
				);
				GCC_WARN_64_TO_32_BIT_CONVERSION = YES;
				GCC_WARN_ABOUT_RETURN_TYPE = YES_ERROR;
				GCC_WARN_UNDECLARED_SELECTOR = YES;
				GCC_WARN_UNINITIALIZED_AUTOS = YES_AGGRESSIVE;
				GCC_WARN_UNUSED_FUNCTION = YES;
				GCC_WARN_UNUSED_VARIABLE = YES;
				IPHONEOS_DEPLOYMENT_TARGET = 10.0;
				MTL_ENABLE_DEBUG_INFO = YES;
				ONLY_ACTIVE_ARCH = YES;
				SDKROOT = iphoneos;
				SWIFT_ACTIVE_COMPILATION_CONDITIONS = DEBUG;
				SWIFT_OPTIMIZATION_LEVEL = "-Onone";
				TARGETED_DEVICE_FAMILY = "1,2";
			};
			name = Debug;
		};
		98145F751DBC3C730040579B /* Release */ = {
			isa = XCBuildConfiguration;
			buildSettings = {
				ALWAYS_SEARCH_USER_PATHS = NO;
				CLANG_ANALYZER_NONNULL = YES;
				CLANG_CXX_LANGUAGE_STANDARD = "gnu++0x";
				CLANG_CXX_LIBRARY = "libc++";
				CLANG_ENABLE_MODULES = YES;
				CLANG_ENABLE_OBJC_ARC = YES;
				CLANG_WARN_BOOL_CONVERSION = YES;
				CLANG_WARN_CONSTANT_CONVERSION = YES;
				CLANG_WARN_DIRECT_OBJC_ISA_USAGE = YES_ERROR;
				CLANG_WARN_DOCUMENTATION_COMMENTS = YES;
				CLANG_WARN_EMPTY_BODY = YES;
				CLANG_WARN_ENUM_CONVERSION = YES;
				CLANG_WARN_INFINITE_RECURSION = YES;
				CLANG_WARN_INT_CONVERSION = YES;
				CLANG_WARN_OBJC_ROOT_CLASS = YES_ERROR;
				CLANG_WARN_SUSPICIOUS_MOVE = YES;
				CLANG_WARN_SUSPICIOUS_MOVES = YES;
				CLANG_WARN_UNREACHABLE_CODE = YES;
				CLANG_WARN__DUPLICATE_METHOD_MATCH = YES;
				"CODE_SIGN_IDENTITY[sdk=iphoneos*]" = "iPhone Developer";
				COPY_PHASE_STRIP = NO;
				DEBUG_INFORMATION_FORMAT = "dwarf-with-dsym";
				ENABLE_NS_ASSERTIONS = NO;
				ENABLE_STRICT_OBJC_MSGSEND = YES;
				GCC_C_LANGUAGE_STANDARD = gnu99;
				GCC_NO_COMMON_BLOCKS = YES;
				GCC_WARN_64_TO_32_BIT_CONVERSION = YES;
				GCC_WARN_ABOUT_RETURN_TYPE = YES_ERROR;
				GCC_WARN_UNDECLARED_SELECTOR = YES;
				GCC_WARN_UNINITIALIZED_AUTOS = YES_AGGRESSIVE;
				GCC_WARN_UNUSED_FUNCTION = YES;
				GCC_WARN_UNUSED_VARIABLE = YES;
				IPHONEOS_DEPLOYMENT_TARGET = 10.0;
				MTL_ENABLE_DEBUG_INFO = NO;
				SDKROOT = iphoneos;
				SWIFT_OPTIMIZATION_LEVEL = "-Owholemodule";
				TARGETED_DEVICE_FAMILY = "1,2";
				VALIDATE_PRODUCT = YES;
			};
			name = Release;
		};
		98145F771DBC3C730040579B /* Debug */ = {
			isa = XCBuildConfiguration;
			buildSettings = {
				ASSETCATALOG_COMPILER_APPICON_NAME = AppIcon;
				DEVELOPMENT_TEAM = 56SGSJ5YCY;
				INFOPLIST_FILE = "Virtual-Tourist/Info.plist";
				LD_RUNPATH_SEARCH_PATHS = "$(inherited) @executable_path/Frameworks";
				PRODUCT_BUNDLE_IDENTIFIER = "com.jackngai.Virtual-Tourist";
				PRODUCT_NAME = "$(TARGET_NAME)";
				SWIFT_VERSION = 3.0;
			};
			name = Debug;
		};
		98145F781DBC3C730040579B /* Release */ = {
			isa = XCBuildConfiguration;
			buildSettings = {
				ASSETCATALOG_COMPILER_APPICON_NAME = AppIcon;
				DEVELOPMENT_TEAM = 56SGSJ5YCY;
				INFOPLIST_FILE = "Virtual-Tourist/Info.plist";
				LD_RUNPATH_SEARCH_PATHS = "$(inherited) @executable_path/Frameworks";
				PRODUCT_BUNDLE_IDENTIFIER = "com.jackngai.Virtual-Tourist";
				PRODUCT_NAME = "$(TARGET_NAME)";
				SWIFT_VERSION = 3.0;
			};
			name = Release;
		};
/* End XCBuildConfiguration section */

/* Begin XCConfigurationList section */
		98145F5C1DBC3C730040579B /* Build configuration list for PBXProject "Virtual-Tourist" */ = {
			isa = XCConfigurationList;
			buildConfigurations = (
				98145F741DBC3C730040579B /* Debug */,
				98145F751DBC3C730040579B /* Release */,
			);
			defaultConfigurationIsVisible = 0;
			defaultConfigurationName = Release;
		};
		98145F761DBC3C730040579B /* Build configuration list for PBXNativeTarget "Virtual-Tourist" */ = {
			isa = XCConfigurationList;
			buildConfigurations = (
				98145F771DBC3C730040579B /* Debug */,
				98145F781DBC3C730040579B /* Release */,
			);
			defaultConfigurationIsVisible = 0;
			defaultConfigurationName = Release;
		};
/* End XCConfigurationList section */

/* Begin XCVersionGroup section */
		98145F6B1DBC3C730040579B /* Virtual_Tourist.xcdatamodeld */ = {
			isa = XCVersionGroup;
			children = (
				98145F6C1DBC3C730040579B /* Virtual_Tourist.xcdatamodel */,
			);
			currentVersion = 98145F6C1DBC3C730040579B /* Virtual_Tourist.xcdatamodel */;
			path = Virtual_Tourist.xcdatamodeld;
			sourceTree = "<group>";
			versionGroupType = wrapper.xcdatamodel;
		};
/* End XCVersionGroup section */
	};
	rootObject = 98145F591DBC3C730040579B /* Project object */;
}
